
Microsoft Visual Studio Solution File, Format Version 12.00
# Visual Studio Version 17
VisualStudioVersion = 17.13.35919.96
MinimumVisualStudioVersion = 10.0.40219.1
Project("{8BC9CEB8-8B4A-11D0-8D11-00A0C91BC942}") = "HelloWorld", "HelloWorld\HelloWorld.vcxproj", "{E349B109-0883-4940-A6F8-C9CE1C6C7889}"
EndProject
Project("{8BC9CEB8-8B4A-11D0-8D11-00A0C91BC942}") = "DataTypes", "DataTypes\DataTypes.vcxproj", "{1F0ED6BD-80B8-4163-B6DC-73F1AE0380A9}"
EndProject
Project("{8BC9CEB8-8B4A-11D0-8D11-00A0C91BC942}") = "UserDataTypes", "UserDataTypes\UserDataTypes.vcxproj", "{75163AD6-BA86-487E-A7C2-5CB57284E102}"
EndProject
Project("{8BC9CEB8-8B4A-11D0-8D11-00A0C91BC942}") = "Containers", "Containers\Containers.vcxproj", "{80A21D00-FD7F-4B48-B596-C2699F033474}"
EndProject
Project("{8BC9CEB8-8B4A-11D0-8D11-00A0C91BC942}") = "MadLib", "MadLib\MadLib.vcxproj", "{18252135-92D5-423D-8F8B-E08C3CD8D059}"
EndProject
Project("{8BC9CEB8-8B4A-11D0-8D11-00A0C91BC942}") = "Containers_exercise", "Containers_exercise\Containers_exercise.vcxproj", "{E9DC51D8-9A28-4E53-84AC-82CF3D89E38A}"
EndProject
Project("{8BC9CEB8-8B4A-11D0-8D11-00A0C91BC942}") = "pointers", "pointers\pointers.vcxproj", "{DB380BC7-18DA-4E6B-B34B-722EB6B30B8B}"
EndProject
Global
	GlobalSection(SolutionConfigurationPlatforms) = preSolution
		Debug|x64 = Debug|x64
		Debug|x86 = Debug|x86
		Release|x64 = Release|x64
		Release|x86 = Release|x86
	EndGlobalSection
	GlobalSection(ProjectConfigurationPlatforms) = postSolution
		{E349B109-0883-4940-A6F8-C9CE1C6C7889}.Debug|x64.ActiveCfg = Debug|x64
		{E349B109-0883-4940-A6F8-C9CE1C6C7889}.Debug|x64.Build.0 = Debug|x64
		{E349B109-0883-4940-A6F8-C9CE1C6C7889}.Debug|x86.ActiveCfg = Debug|Win32
		{E349B109-0883-4940-A6F8-C9CE1C6C7889}.Debug|x86.Build.0 = Debug|Win32
		{E349B109-0883-4940-A6F8-C9CE1C6C7889}.Release|x64.ActiveCfg = Release|x64
		{E349B109-0883-4940-A6F8-C9CE1C6C7889}.Release|x64.Build.0 = Release|x64
		{E349B109-0883-4940-A6F8-C9CE1C6C7889}.Release|x86.ActiveCfg = Release|Win32
		{E349B109-0883-4940-A6F8-C9CE1C6C7889}.Release|x86.Build.0 = Release|Win32
		{1F0ED6BD-80B8-4163-B6DC-73F1AE0380A9}.Debug|x64.ActiveCfg = Debug|x64
		{1F0ED6BD-80B8-4163-B6DC-73F1AE0380A9}.Debug|x64.Build.0 = Debug|x64
		{1F0ED6BD-80B8-4163-B6DC-73F1AE0380A9}.Debug|x86.ActiveCfg = Debug|Win32
		{1F0ED6BD-80B8-4163-B6DC-73F1AE0380A9}.Debug|x86.Build.0 = Debug|Win32
		{1F0ED6BD-80B8-4163-B6DC-73F1AE0380A9}.Release|x64.ActiveCfg = Release|x64
		{1F0ED6BD-80B8-4163-B6DC-73F1AE0380A9}.Release|x64.Build.0 = Release|x64
		{1F0ED6BD-80B8-4163-B6DC-73F1AE0380A9}.Release|x86.ActiveCfg = Release|Win32
		{1F0ED6BD-80B8-4163-B6DC-73F1AE0380A9}.Release|x86.Build.0 = Release|Win32
		{75163AD6-BA86-487E-A7C2-5CB57284E102}.Debug|x64.ActiveCfg = Debug|x64
		{75163AD6-BA86-487E-A7C2-5CB57284E102}.Debug|x64.Build.0 = Debug|x64
		{75163AD6-BA86-487E-A7C2-5CB57284E102}.Debug|x86.ActiveCfg = Debug|Win32
		{75163AD6-BA86-487E-A7C2-5CB57284E102}.Debug|x86.Build.0 = Debug|Win32
		{75163AD6-BA86-487E-A7C2-5CB57284E102}.Release|x64.ActiveCfg = Release|x64
		{75163AD6-BA86-487E-A7C2-5CB57284E102}.Release|x64.Build.0 = Release|x64
		{75163AD6-BA86-487E-A7C2-5CB57284E102}.Release|x86.ActiveCfg = Release|Win32
		{75163AD6-BA86-487E-A7C2-5CB57284E102}.Release|x86.Build.0 = Release|Win32
		{80A21D00-FD7F-4B48-B596-C2699F033474}.Debug|x64.ActiveCfg = Debug|x64
		{80A21D00-FD7F-4B48-B596-C2699F033474}.Debug|x64.Build.0 = Debug|x64
		{80A21D00-FD7F-4B48-B596-C2699F033474}.Debug|x86.ActiveCfg = Debug|Win32
		{80A21D00-FD7F-4B48-B596-C2699F033474}.Debug|x86.Build.0 = Debug|Win32
		{80A21D00-FD7F-4B48-B596-C2699F033474}.Release|x64.ActiveCfg = Release|x64
		{80A21D00-FD7F-4B48-B596-C2699F033474}.Release|x64.Build.0 = Release|x64
		{80A21D00-FD7F-4B48-B596-C2699F033474}.Release|x86.ActiveCfg = Release|Win32
		{80A21D00-FD7F-4B48-B596-C2699F033474}.Release|x86.Build.0 = Release|Win32
		{18252135-92D5-423D-8F8B-E08C3CD8D059}.Debug|x64.ActiveCfg = Debug|x64
		{18252135-92D5-423D-8F8B-E08C3CD8D059}.Debug|x64.Build.0 = Debug|x64
		{18252135-92D5-423D-8F8B-E08C3CD8D059}.Debug|x86.ActiveCfg = Debug|Win32
		{18252135-92D5-423D-8F8B-E08C3CD8D059}.Debug|x86.Build.0 = Debug|Win32
		{18252135-92D5-423D-8F8B-E08C3CD8D059}.Release|x64.ActiveCfg = Release|x64
		{18252135-92D5-423D-8F8B-E08C3CD8D059}.Release|x64.Build.0 = Release|x64
		{18252135-92D5-423D-8F8B-E08C3CD8D059}.Release|x86.ActiveCfg = Release|Win32
		{18252135-92D5-423D-8F8B-E08C3CD8D059}.Release|x86.Build.0 = Release|Win32
		{E9DC51D8-9A28-4E53-84AC-82CF3D89E38A}.Debug|x64.ActiveCfg = Debug|x64
		{E9DC51D8-9A28-4E53-84AC-82CF3D89E38A}.Debug|x64.Build.0 = Debug|x64
		{E9DC51D8-9A28-4E53-84AC-82CF3D89E38A}.Debug|x86.ActiveCfg = Debug|Win32
		{E9DC51D8-9A28-4E53-84AC-82CF3D89E38A}.Debug|x86.Build.0 = Debug|Win32
		{E9DC51D8-9A28-4E53-84AC-82CF3D89E38A}.Release|x64.ActiveCfg = Release|x64
		{E9DC51D8-9A28-4E53-84AC-82CF3D89E38A}.Release|x64.Build.0 = Release|x64
		{E9DC51D8-9A28-4E53-84AC-82CF3D89E38A}.Release|x86.ActiveCfg = Release|Win32
		{E9DC51D8-9A28-4E53-84AC-82CF3D89E38A}.Release|x86.Build.0 = Release|Win32
		{DB380BC7-18DA-4E6B-B34B-722EB6B30B8B}.Debug|x64.ActiveCfg = Debug|x64
		{DB380BC7-18DA-4E6B-B34B-722EB6B30B8B}.Debug|x64.Build.0 = Debug|x64
		{DB380BC7-18DA-4E6B-B34B-722EB6B30B8B}.Debug|x86.ActiveCfg = Debug|Win32
		{DB380BC7-18DA-4E6B-B34B-722EB6B30B8B}.Debug|x86.Build.0 = Debug|Win32
		{DB380BC7-18DA-4E6B-B34B-722EB6B30B8B}.Release|x64.ActiveCfg = Release|x64
		{DB380BC7-18DA-4E6B-B34B-722EB6B30B8B}.Release|x64.Build.0 = Release|x64
		{DB380BC7-18DA-4E6B-B34B-722EB6B30B8B}.Release|x86.ActiveCfg = Release|Win32
		{DB380BC7-18DA-4E6B-B34B-722EB6B30B8B}.Release|x86.Build.0 = Release|Win32
	EndGlobalSection
	GlobalSection(SolutionProperties) = preSolution
		HideSolutionNode = FALSE
	EndGlobalSection
	GlobalSection(ExtensibilityGlobals) = postSolution
		SolutionGuid = {21095B65-8148-411C-B627-45AF56602929}
	EndGlobalSection
EndGlobal
